# THIS IS AN AUTOGENERATED FILE. DO NOT EDIT THIS FILE DIRECTLY.
# yarn lockfile v1


"@openzeppelin/contracts@^4.7.3":
  version "4.7.3"
  resolved "https://registry.npmjs.org/@openzeppelin/contracts/-/contracts-4.7.3.tgz"
  integrity sha512-dGRS0agJzu8ybo44pCIf3xBaPQN/65AIXNgK8+4gzKd5kbvlqyxryUYVLJv7fK98Seyd2hDZzVEHSWAh0Bt1Yw==

"sol2uml@file:../../../../Users/Ariel/AppData/Roaming/npm/node_modules/sol2uml":
  version "2.5.22"
  resolved "file:../../../../Users/Ariel/AppData/Roaming/npm/node_modules/sol2uml"
  dependencies:
    "@aduh95/viz.js" "^3.7.0"
    "@solidity-parser/parser" "^0.20.1"
    axios "^1.10.0"
    axios-debug-log "^1.0.0"
    cli-color "^2.0.4"
    commander "^12.1.0"
    convert-svg-to-png "^0.6.4"
    debug "^4.4.1"
    diff-match-patch "^1.0.5"
    ethers "^5.8.0"
    js-graph-algorithms "^1.0.18"
    klaw "^4.1.0"
